
Microsoft Visual Studio Solution File, Format Version 12.00
# Visual Studio Version 17
VisualStudioVersion = 17.10.34916.146
MinimumVisualStudioVersion = 10.0.40219.1
Project("{FAE04EC0-301F-11D3-BF4B-00C04F79EFBC}") = "TouchID", "TouchID\TouchID.csproj", "{01FF76EB-6025-4E05-94B1-E80DA891B892}"
EndProject
Global
	GlobalSection(SolutionConfigurationPlatforms) = preSolution
		Debug|Any CPU = Debug|Any CPU
		Release|Any CPU = Release|Any CPU
	EndGlobalSection
	GlobalSection(ProjectConfigurationPlatforms) = postSolution
		{01FF76EB-6025-4E05-94B1-E80DA891B892}.Debug|Any CPU.ActiveCfg = Debug|Any CPU
		{01FF76EB-6025-4E05-94B1-E80DA891B892}.Debug|Any CPU.Build.0 = Debug|Any CPU
		{01FF76EB-6025-4E05-94B1-E80DA891B892}.Release|Any CPU.ActiveCfg = Release|Any CPU
		{01FF76EB-6025-4E05-94B1-E80DA891B892}.Release|Any CPU.Build.0 = Release|Any CPU
	EndGlobalSection
	GlobalSection(SolutionProperties) = preSolution
		HideSolutionNode = FALSE
	EndGlobalSection
	GlobalSection(ExtensibilityGlobals) = postSolution
		SolutionGuid = {F63F6AE7-FA23-49F3-A919-44B20C3D46B3}
	EndGlobalSection
EndGlobal
